
Microsoft Visual Studio Solution File, Format Version 12.00
# Visual Studio Version 17
VisualStudioVersion = 17.4.33110.190
MinimumVisualStudioVersion = 10.0.40219.1
Project("{2150E333-8FDC-42A3-9474-1A3956D46DE8}") = "src", "src", "{1390F5F9-A16D-480E-BA2D-137E5ACE13C3}"
EndProject
Project("{2150E333-8FDC-42A3-9474-1A3956D46DE8}") = "API", "API", "{1E78360F-B7D0-456E-82CC-67972F868113}"
EndProject
Project("{2150E333-8FDC-42A3-9474-1A3956D46DE8}") = "Core", "Core", "{BCFB4FA8-3FE9-441E-B157-36C4BBB3661B}"
EndProject
Project("{2150E333-8FDC-42A3-9474-1A3956D46DE8}") = "Infrastructure", "Infrastructure", "{2F688241-8A46-4230-AFF8-65B4C74C7C7A}"
EndProject
Project("{2150E333-8FDC-42A3-9474-1A3956D46DE8}") = "WebClient", "WebClient", "{3B12B843-0324-4901-B031-85DCEE3E8189}"
EndProject
Project("{9A19103F-16F7-4668-BE54-9A1E7A4F7556}") = "WantToSell.Domain", "WantToSell.Domain\WantToSell.Domain.csproj", "{B164A8EC-8A8F-40AF-8D5E-3C24C42091E2}"
EndProject
Project("{9A19103F-16F7-4668-BE54-9A1E7A4F7556}") = "WantToSell.Application", "WantToSell.Application\WantToSell.Application.csproj", "{1FDD1AB3-23BE-4F1C-8607-A6F02499D319}"
	ProjectSection(ProjectDependencies) = postProject
		{B164A8EC-8A8F-40AF-8D5E-3C24C42091E2} = {B164A8EC-8A8F-40AF-8D5E-3C24C42091E2}
	EndProjectSection
EndProject
Project("{9A19103F-16F7-4668-BE54-9A1E7A4F7556}") = "WantToSell.Persistence", "WantToSell.Persistence\WantToSell.Persistence.csproj", "{D1ECDAAD-3A4E-4C7E-9670-424B39C3F46A}"
	ProjectSection(ProjectDependencies) = postProject
		{1FDD1AB3-23BE-4F1C-8607-A6F02499D319} = {1FDD1AB3-23BE-4F1C-8607-A6F02499D319}
	EndProjectSection
EndProject
Project("{9A19103F-16F7-4668-BE54-9A1E7A4F7556}") = "WantToSell.Infrastructure", "WantToSell.Infrastructure\WantToSell.Infrastructure.csproj", "{E4037910-D205-47B1-B5A1-7816B372256A}"
EndProject
Project("{9A19103F-16F7-4668-BE54-9A1E7A4F7556}") = "WantToSell.Api", "WantToSell.Api\WantToSell.Api.csproj", "{74E339E0-A570-4318-86DF-9E6453612F6D}"
	ProjectSection(ProjectDependencies) = postProject
		{1FDD1AB3-23BE-4F1C-8607-A6F02499D319} = {1FDD1AB3-23BE-4F1C-8607-A6F02499D319}
		{D1ECDAAD-3A4E-4C7E-9670-424B39C3F46A} = {D1ECDAAD-3A4E-4C7E-9670-424B39C3F46A}
		{E4037910-D205-47B1-B5A1-7816B372256A} = {E4037910-D205-47B1-B5A1-7816B372256A}
	EndProjectSection
EndProject
Project("{E53339B2-1760-4266-BCC7-CA923CBCF16C}") = "docker-compose", "docker-compose.dcproj", "{A6000E85-4C54-4DB5-A377-9C7B8CE8A4C2}"
EndProject
Project("{9A19103F-16F7-4668-BE54-9A1E7A4F7556}") = "WantToSell.Identity", "WantToSell.Identity\WantToSell.Identity.csproj", "{2539AE94-5E88-4BCD-AE8B-4115F2EDA7AD}"
EndProject
Global
	GlobalSection(SolutionConfigurationPlatforms) = preSolution
		Debug|Any CPU = Debug|Any CPU
		Release|Any CPU = Release|Any CPU
	EndGlobalSection
	GlobalSection(ProjectConfigurationPlatforms) = postSolution
		{B164A8EC-8A8F-40AF-8D5E-3C24C42091E2}.Debug|Any CPU.ActiveCfg = Debug|Any CPU
		{B164A8EC-8A8F-40AF-8D5E-3C24C42091E2}.Debug|Any CPU.Build.0 = Debug|Any CPU
		{B164A8EC-8A8F-40AF-8D5E-3C24C42091E2}.Release|Any CPU.ActiveCfg = Release|Any CPU
		{B164A8EC-8A8F-40AF-8D5E-3C24C42091E2}.Release|Any CPU.Build.0 = Release|Any CPU
		{1FDD1AB3-23BE-4F1C-8607-A6F02499D319}.Debug|Any CPU.ActiveCfg = Debug|Any CPU
		{1FDD1AB3-23BE-4F1C-8607-A6F02499D319}.Debug|Any CPU.Build.0 = Debug|Any CPU
		{1FDD1AB3-23BE-4F1C-8607-A6F02499D319}.Release|Any CPU.ActiveCfg = Release|Any CPU
		{1FDD1AB3-23BE-4F1C-8607-A6F02499D319}.Release|Any CPU.Build.0 = Release|Any CPU
		{D1ECDAAD-3A4E-4C7E-9670-424B39C3F46A}.Debug|Any CPU.ActiveCfg = Debug|Any CPU
		{D1ECDAAD-3A4E-4C7E-9670-424B39C3F46A}.Debug|Any CPU.Build.0 = Debug|Any CPU
		{D1ECDAAD-3A4E-4C7E-9670-424B39C3F46A}.Release|Any CPU.ActiveCfg = Release|Any CPU
		{D1ECDAAD-3A4E-4C7E-9670-424B39C3F46A}.Release|Any CPU.Build.0 = Release|Any CPU
		{E4037910-D205-47B1-B5A1-7816B372256A}.Debug|Any CPU.ActiveCfg = Debug|Any CPU
		{E4037910-D205-47B1-B5A1-7816B372256A}.Debug|Any CPU.Build.0 = Debug|Any CPU
		{E4037910-D205-47B1-B5A1-7816B372256A}.Release|Any CPU.ActiveCfg = Release|Any CPU
		{E4037910-D205-47B1-B5A1-7816B372256A}.Release|Any CPU.Build.0 = Release|Any CPU
		{74E339E0-A570-4318-86DF-9E6453612F6D}.Debug|Any CPU.ActiveCfg = Debug|Any CPU
		{74E339E0-A570-4318-86DF-9E6453612F6D}.Debug|Any CPU.Build.0 = Debug|Any CPU
		{74E339E0-A570-4318-86DF-9E6453612F6D}.Release|Any CPU.ActiveCfg = Release|Any CPU
		{74E339E0-A570-4318-86DF-9E6453612F6D}.Release|Any CPU.Build.0 = Release|Any CPU
		{A6000E85-4C54-4DB5-A377-9C7B8CE8A4C2}.Debug|Any CPU.ActiveCfg = Debug|Any CPU
		{A6000E85-4C54-4DB5-A377-9C7B8CE8A4C2}.Debug|Any CPU.Build.0 = Debug|Any CPU
		{A6000E85-4C54-4DB5-A377-9C7B8CE8A4C2}.Release|Any CPU.ActiveCfg = Release|Any CPU
		{A6000E85-4C54-4DB5-A377-9C7B8CE8A4C2}.Release|Any CPU.Build.0 = Release|Any CPU
		{2539AE94-5E88-4BCD-AE8B-4115F2EDA7AD}.Debug|Any CPU.ActiveCfg = Debug|Any CPU
		{2539AE94-5E88-4BCD-AE8B-4115F2EDA7AD}.Debug|Any CPU.Build.0 = Debug|Any CPU
		{2539AE94-5E88-4BCD-AE8B-4115F2EDA7AD}.Release|Any CPU.ActiveCfg = Release|Any CPU
		{2539AE94-5E88-4BCD-AE8B-4115F2EDA7AD}.Release|Any CPU.Build.0 = Release|Any CPU
	EndGlobalSection
	GlobalSection(SolutionProperties) = preSolution
		HideSolutionNode = FALSE
	EndGlobalSection
	GlobalSection(NestedProjects) = preSolution
		{1E78360F-B7D0-456E-82CC-67972F868113} = {1390F5F9-A16D-480E-BA2D-137E5ACE13C3}
		{BCFB4FA8-3FE9-441E-B157-36C4BBB3661B} = {1390F5F9-A16D-480E-BA2D-137E5ACE13C3}
		{2F688241-8A46-4230-AFF8-65B4C74C7C7A} = {1390F5F9-A16D-480E-BA2D-137E5ACE13C3}
		{3B12B843-0324-4901-B031-85DCEE3E8189} = {1390F5F9-A16D-480E-BA2D-137E5ACE13C3}
		{B164A8EC-8A8F-40AF-8D5E-3C24C42091E2} = {BCFB4FA8-3FE9-441E-B157-36C4BBB3661B}
		{1FDD1AB3-23BE-4F1C-8607-A6F02499D319} = {BCFB4FA8-3FE9-441E-B157-36C4BBB3661B}
		{D1ECDAAD-3A4E-4C7E-9670-424B39C3F46A} = {2F688241-8A46-4230-AFF8-65B4C74C7C7A}
		{E4037910-D205-47B1-B5A1-7816B372256A} = {2F688241-8A46-4230-AFF8-65B4C74C7C7A}
		{74E339E0-A570-4318-86DF-9E6453612F6D} = {1E78360F-B7D0-456E-82CC-67972F868113}
		{2539AE94-5E88-4BCD-AE8B-4115F2EDA7AD} = {2F688241-8A46-4230-AFF8-65B4C74C7C7A}
	EndGlobalSection
	GlobalSection(ExtensibilityGlobals) = postSolution
		SolutionGuid = {C210E5A0-4CDE-4FBD-8291-C8FC01E1DF63}
	EndGlobalSection
EndGlobal
